
Microsoft Visual Studio Solution File, Format Version 12.00
# Visual Studio Version 16
VisualStudioVersion = 16.0.30406.217
MinimumVisualStudioVersion = 10.0.40219.1
Project("{FAE04EC0-301F-11D3-BF4B-00C04F79EFBC}") = "CalculatorApp_Mihail_v1_04", "CalculatorApp_Mihail_v1_04.csproj", "{02D80AD5-34FC-4B41-BF18-027FE423A76E}"
EndProject
Global
	GlobalSection(SolutionConfigurationPlatforms) = preSolution
		Debug|Any CPU = Debug|Any CPU
		Release|Any CPU = Release|Any CPU
	EndGlobalSection
	GlobalSection(ProjectConfigurationPlatforms) = postSolution
		{02D80AD5-34FC-4B41-BF18-027FE423A76E}.Debug|Any CPU.ActiveCfg = Debug|Any CPU
		{02D80AD5-34FC-4B41-BF18-027FE423A76E}.Debug|Any CPU.Build.0 = Debug|Any CPU
		{02D80AD5-34FC-4B41-BF18-027FE423A76E}.Release|Any CPU.ActiveCfg = Release|Any CPU
		{02D80AD5-34FC-4B41-BF18-027FE423A76E}.Release|Any CPU.Build.0 = Release|Any CPU
	EndGlobalSection
	GlobalSection(SolutionProperties) = preSolution
		HideSolutionNode = FALSE
	EndGlobalSection
	GlobalSection(ExtensibilityGlobals) = postSolution
		SolutionGuid = {3AF8EA6B-F10F-4882-8C0F-7C6247122C1D}
	EndGlobalSection
EndGlobal
